
Microsoft Visual Studio Solution File, Format Version 12.00
# Visual Studio Version 17
VisualStudioVersion = 17.8.34309.116
MinimumVisualStudioVersion = 10.0.40219.1
Project("{FAE04EC0-301F-11D3-BF4B-00C04F79EFBC}") = "blog-web-api", "blog-web-api\blog-web-api.csproj", "{8F910123-AEAF-4663-88EB-583782262860}"
EndProject
Project("{FAE04EC0-301F-11D3-BF4B-00C04F79EFBC}") = "blog-web-api-shared", "blog-web-api-shared\blog-web-api-shared.csproj", "{C6ACF6C3-3139-43CC-8B38-54548CB35039}"
EndProject
Project("{FAE04EC0-301F-11D3-BF4B-00C04F79EFBC}") = "blog-web-api-tests", "blog-web-api-tests\blog-web-api-tests.csproj", "{16E640DD-A702-4A53-A043-C569B39D7EB4}"
EndProject
Global
	GlobalSection(SolutionConfigurationPlatforms) = preSolution
		Debug|Any CPU = Debug|Any CPU
		Release|Any CPU = Release|Any CPU
	EndGlobalSection
	GlobalSection(ProjectConfigurationPlatforms) = postSolution
		{8F910123-AEAF-4663-88EB-583782262860}.Debug|Any CPU.ActiveCfg = Debug|Any CPU
		{8F910123-AEAF-4663-88EB-583782262860}.Debug|Any CPU.Build.0 = Debug|Any CPU
		{8F910123-AEAF-4663-88EB-583782262860}.Release|Any CPU.ActiveCfg = Release|Any CPU
		{8F910123-AEAF-4663-88EB-583782262860}.Release|Any CPU.Build.0 = Release|Any CPU
		{C6ACF6C3-3139-43CC-8B38-54548CB35039}.Debug|Any CPU.ActiveCfg = Debug|Any CPU
		{C6ACF6C3-3139-43CC-8B38-54548CB35039}.Debug|Any CPU.Build.0 = Debug|Any CPU
		{C6ACF6C3-3139-43CC-8B38-54548CB35039}.Release|Any CPU.ActiveCfg = Release|Any CPU
		{C6ACF6C3-3139-43CC-8B38-54548CB35039}.Release|Any CPU.Build.0 = Release|Any CPU
		{16E640DD-A702-4A53-A043-C569B39D7EB4}.Debug|Any CPU.ActiveCfg = Debug|Any CPU
		{16E640DD-A702-4A53-A043-C569B39D7EB4}.Debug|Any CPU.Build.0 = Debug|Any CPU
		{16E640DD-A702-4A53-A043-C569B39D7EB4}.Release|Any CPU.ActiveCfg = Release|Any CPU
		{16E640DD-A702-4A53-A043-C569B39D7EB4}.Release|Any CPU.Build.0 = Release|Any CPU
	EndGlobalSection
	GlobalSection(SolutionProperties) = preSolution
		HideSolutionNode = FALSE
	EndGlobalSection
	GlobalSection(ExtensibilityGlobals) = postSolution
		SolutionGuid = {627F8520-5D41-4EDA-9A67-342FE225027C}
	EndGlobalSection
EndGlobal
